
Microsoft Visual Studio Solution File, Format Version 12.00
# Visual Studio 2012
Project("{FAE04EC0-301F-11D3-BF4B-00C04F79EFBC}") = "HtmlEditLearn", "HtmlEditLearn\HtmlEditLearn.csproj", "{3091E3C4-E806-4C05-9427-79B0E301437D}"
EndProject
Global
	GlobalSection(SolutionConfigurationPlatforms) = preSolution
		Debug|Any CPU = Debug|Any CPU
		Release|Any CPU = Release|Any CPU
	EndGlobalSection
	GlobalSection(ProjectConfigurationPlatforms) = postSolution
		{3091E3C4-E806-4C05-9427-79B0E301437D}.Debug|Any CPU.ActiveCfg = Debug|Any CPU
		{3091E3C4-E806-4C05-9427-79B0E301437D}.Debug|Any CPU.Build.0 = Debug|Any CPU
		{3091E3C4-E806-4C05-9427-79B0E301437D}.Release|Any CPU.ActiveCfg = Release|Any CPU
		{3091E3C4-E806-4C05-9427-79B0E301437D}.Release|Any CPU.Build.0 = Release|Any CPU
	EndGlobalSection
	GlobalSection(SolutionProperties) = preSolution
		HideSolutionNode = FALSE
	EndGlobalSection
EndGlobal
